// !$*UTF8*$!
{
	archiveVersion = 1;
	classes = {
	};
	objectVersion = 50;
	objects = {

/* Begin PBXBuildFile section */
		85F840ED267011CD00DD6A8A /* AppDelegate.swift in Sources */ = {isa = PBXBuildFile; fileRef = 85F840EC267011CD00DD6A8A /* AppDelegate.swift */; };
		85F840EF267011CD00DD6A8A /* SceneDelegate.swift in Sources */ = {isa = PBXBuildFile; fileRef = 85F840EE267011CD00DD6A8A /* SceneDelegate.swift */; };
		85F840F1267011CD00DD6A8A /* ViewController.swift in Sources */ = {isa = PBXBuildFile; fileRef = 85F840F0267011CD00DD6A8A /* ViewController.swift */; };
		85F840F4267011CD00DD6A8A /* Main.storyboard in Resources */ = {isa = PBXBuildFile; fileRef = 85F840F2267011CD00DD6A8A /* Main.storyboard */; };
		85F840F6267011CE00DD6A8A /* Assets.xcassets in Resources */ = {isa = PBXBuildFile; fileRef = 85F840F5267011CE00DD6A8A /* Assets.xcassets */; };
		85F840F9267011CE00DD6A8A /* LaunchScreen.storyboard in Resources */ = {isa = PBXBuildFile; fileRef = 85F840F7267011CE00DD6A8A /* LaunchScreen.storyboard */; };
		85F84104267011CE00DD6A8A /* ENDClothingTests.swift in Sources */ = {isa = PBXBuildFile; fileRef = 85F84103267011CE00DD6A8A /* ENDClothingTests.swift */; };
		85F8410F267011CE00DD6A8A /* ENDClothingUITests.swift in Sources */ = {isa = PBXBuildFile; fileRef = 85F8410E267011CE00DD6A8A /* ENDClothingUITests.swift */; };
		85F8411D2670123100DD6A8A /* Readme.txt in Resources */ = {isa = PBXBuildFile; fileRef = 85F8411C2670123100DD6A8A /* Readme.txt */; };
/* End PBXBuildFile section */

/* Begin PBXContainerItemProxy section */
		85F84100267011CE00DD6A8A /* PBXContainerItemProxy */ = {
			isa = PBXContainerItemProxy;
			containerPortal = 85F840E1267011CD00DD6A8A /* Project object */;
			proxyType = 1;
			remoteGlobalIDString = 85F840E8267011CD00DD6A8A;
			remoteInfo = ENDClothing;
		};
		85F8410B267011CE00DD6A8A /* PBXContainerItemProxy */ = {
			isa = PBXContainerItemProxy;
			containerPortal = 85F840E1267011CD00DD6A8A /* Project object */;
			proxyType = 1;
			remoteGlobalIDString = 85F840E8267011CD00DD6A8A;
			remoteInfo = ENDClothing;
		};
/* End PBXContainerItemProxy section */

/* Begin PBXFileReference section */
		85F840E9267011CD00DD6A8A /* ENDClothing.app */ = {isa = PBXFileReference; explicitFileType = wrapper.application; includeInIndex = 0; path = ENDClothing.app; sourceTree = BUILT_PRODUCTS_DIR; };
		85F840EC267011CD00DD6A8A /* AppDelegate.swift */ = {isa = PBXFileReference; lastKnownFileType = sourcecode.swift; path = AppDelegate.swift; sourceTree = "<group>"; };
		85F840EE267011CD00DD6A8A /* SceneDelegate.swift */ = {isa = PBXFileReference; lastKnownFileType = sourcecode.swift; path = SceneDelegate.swift; sourceTree = "<group>"; };
		85F840F0267011CD00DD6A8A /* ViewController.swift */ = {isa = PBXFileReference; lastKnownFileType = sourcecode.swift; path = ViewController.swift; sourceTree = "<group>"; };
		85F840F3267011CD00DD6A8A /* Base */ = {isa = PBXFileReference; lastKnownFileType = file.storyboard; name = Base; path = Base.lproj/Main.storyboard; sourceTree = "<group>"; };
		85F840F5267011CE00DD6A8A /* Assets.xcassets */ = {isa = PBXFileReference; lastKnownFileType = folder.assetcatalog; path = Assets.xcassets; sourceTree = "<group>"; };
		85F840F8267011CE00DD6A8A /* Base */ = {isa = PBXFileReference; lastKnownFileType = file.storyboard; name = Base; path = Base.lproj/LaunchScreen.storyboard; sourceTree = "<group>"; };
		85F840FA267011CE00DD6A8A /* Info.plist */ = {isa = PBXFileReference; lastKnownFileType = text.plist.xml; path = Info.plist; sourceTree = "<group>"; };
		85F840FF267011CE00DD6A8A /* ENDClothingTests.xctest */ = {isa = PBXFileReference; explicitFileType = wrapper.cfbundle; includeInIndex = 0; path = ENDClothingTests.xctest; sourceTree = BUILT_PRODUCTS_DIR; };
		85F84103267011CE00DD6A8A /* ENDClothingTests.swift */ = {isa = PBXFileReference; lastKnownFileType = sourcecode.swift; path = ENDClothingTests.swift; sourceTree = "<group>"; };
		85F84105267011CE00DD6A8A /* Info.plist */ = {isa = PBXFileReference; lastKnownFileType = text.plist.xml; path = Info.plist; sourceTree = "<group>"; };
		85F8410A267011CE00DD6A8A /* ENDClothingUITests.xctest */ = {isa = PBXFileReference; explicitFileType = wrapper.cfbundle; includeInIndex = 0; path = ENDClothingUITests.xctest; sourceTree = BUILT_PRODUCTS_DIR; };
		85F8410E267011CE00DD6A8A /* ENDClothingUITests.swift */ = {isa = PBXFileReference; lastKnownFileType = sourcecode.swift; path = ENDClothingUITests.swift; sourceTree = "<group>"; };
		85F84110267011CE00DD6A8A /* Info.plist */ = {isa = PBXFileReference; lastKnownFileType = text.plist.xml; path = Info.plist; sourceTree = "<group>"; };
		85F8411C2670123100DD6A8A /* Readme.txt */ = {isa = PBXFileReference; lastKnownFileType = text; path = Readme.txt; sourceTree = "<group>"; };
/* End PBXFileReference section */

/* Begin PBXFrameworksBuildPhase section */
		85F840E6267011CD00DD6A8A /* Frameworks */ = {
			isa = PBXFrameworksBuildPhase;
			buildActionMask = 2147483647;
			files = (
			);
			runOnlyForDeploymentPostprocessing = 0;
		};
		85F840FC267011CE00DD6A8A /* Frameworks */ = {
			isa = PBXFrameworksBuildPhase;
			buildActionMask = 2147483647;
			files = (
			);
			runOnlyForDeploymentPostprocessing = 0;
		};
		85F84107267011CE00DD6A8A /* Frameworks */ = {
			isa = PBXFrameworksBuildPhase;
			buildActionMask = 2147483647;
			files = (
			);
			runOnlyForDeploymentPostprocessing = 0;
		};
/* End PBXFrameworksBuildPhase section */

/* Begin PBXGroup section */
		85F840E0267011CD00DD6A8A = {
			isa = PBXGroup;
			children = (
				85F840EB267011CD00DD6A8A /* ENDClothing */,
				85F84102267011CE00DD6A8A /* ENDClothingTests */,
				85F8410D267011CE00DD6A8A /* ENDClothingUITests */,
				85F840EA267011CD00DD6A8A /* Products */,
				85F8411C2670123100DD6A8A /* Readme.txt */,
			);
			sourceTree = "<group>";
		};
		85F840EA267011CD00DD6A8A /* Products */ = {
			isa = PBXGroup;
			children = (
				85F840E9267011CD00DD6A8A /* ENDClothing.app */,
				85F840FF267011CE00DD6A8A /* ENDClothingTests.xctest */,
				85F8410A267011CE00DD6A8A /* ENDClothingUITests.xctest */,
			);
			name = Products;
			sourceTree = "<group>";
		};
		85F840EB267011CD00DD6A8A /* ENDClothing */ = {
			isa = PBXGroup;
			children = (
				85F8411F267012D300DD6A8A /* Modules */,
				85F8411E267012C600DD6A8A /* Main Files */,
			);
			path = ENDClothing;
			sourceTree = "<group>";
		};
		85F84102267011CE00DD6A8A /* ENDClothingTests */ = {
			isa = PBXGroup;
			children = (
				85F84103267011CE00DD6A8A /* ENDClothingTests.swift */,
				85F84105267011CE00DD6A8A /* Info.plist */,
			);
			path = ENDClothingTests;
			sourceTree = "<group>";
		};
		85F8410D267011CE00DD6A8A /* ENDClothingUITests */ = {
			isa = PBXGroup;
			children = (
				85F8410E267011CE00DD6A8A /* ENDClothingUITests.swift */,
				85F84110267011CE00DD6A8A /* Info.plist */,
			);
			path = ENDClothingUITests;
			sourceTree = "<group>";
		};
		85F8411E267012C600DD6A8A /* Main Files */ = {
			isa = PBXGroup;
			children = (
				85F840EC267011CD00DD6A8A /* AppDelegate.swift */,
				85F840EE267011CD00DD6A8A /* SceneDelegate.swift */,
				85F840F2267011CD00DD6A8A /* Main.storyboard */,
				85F840F5267011CE00DD6A8A /* Assets.xcassets */,
				85F840F7267011CE00DD6A8A /* LaunchScreen.storyboard */,
				85F840FA267011CE00DD6A8A /* Info.plist */,
			);
			path = "Main Files";
			sourceTree = "<group>";
		};
		85F8411F267012D300DD6A8A /* Modules */ = {
			isa = PBXGroup;
			children = (
				85F840F0267011CD00DD6A8A /* ViewController.swift */,
			);
			path = Modules;
			sourceTree = "<group>";
		};
/* End PBXGroup section */

/* Begin PBXNativeTarget section */
		85F840E8267011CD00DD6A8A /* ENDClothing */ = {
			isa = PBXNativeTarget;
			buildConfigurationList = 85F84113267011CE00DD6A8A /* Build configuration list for PBXNativeTarget "ENDClothing" */;
			buildPhases = (
				85F840E5267011CD00DD6A8A /* Sources */,
				85F840E6267011CD00DD6A8A /* Frameworks */,
				85F840E7267011CD00DD6A8A /* Resources */,
			);
			buildRules = (
			);
			dependencies = (
			);
			name = ENDClothing;
			productName = ENDClothing;
			productReference = 85F840E9267011CD00DD6A8A /* ENDClothing.app */;
			productType = "com.apple.product-type.application";
		};
		85F840FE267011CE00DD6A8A /* ENDClothingTests */ = {
			isa = PBXNativeTarget;
			buildConfigurationList = 85F84116267011CE00DD6A8A /* Build configuration list for PBXNativeTarget "ENDClothingTests" */;
			buildPhases = (
				85F840FB267011CE00DD6A8A /* Sources */,
				85F840FC267011CE00DD6A8A /* Frameworks */,
				85F840FD267011CE00DD6A8A /* Resources */,
			);
			buildRules = (
			);
			dependencies = (
				85F84101267011CE00DD6A8A /* PBXTargetDependency */,
			);
			name = ENDClothingTests;
			productName = ENDClothingTests;
			productReference = 85F840FF267011CE00DD6A8A /* ENDClothingTests.xctest */;
			productType = "com.apple.product-type.bundle.unit-test";
		};
		85F84109267011CE00DD6A8A /* ENDClothingUITests */ = {
			isa = PBXNativeTarget;
			buildConfigurationList = 85F84119267011CE00DD6A8A /* Build configuration list for PBXNativeTarget "ENDClothingUITests" */;
			buildPhases = (
				85F84106267011CE00DD6A8A /* Sources */,
				85F84107267011CE00DD6A8A /* Frameworks */,
				85F84108267011CE00DD6A8A /* Resources */,
			);
			buildRules = (
			);
			dependencies = (
				85F8410C267011CE00DD6A8A /* PBXTargetDependency */,
			);
			name = ENDClothingUITests;
			productName = ENDClothingUITests;
			productReference = 85F8410A267011CE00DD6A8A /* ENDClothingUITests.xctest */;
			productType = "com.apple.product-type.bundle.ui-testing";
		};
/* End PBXNativeTarget section */

/* Begin PBXProject section */
		85F840E1267011CD00DD6A8A /* Project object */ = {
			isa = PBXProject;
			attributes = {
				LastSwiftUpdateCheck = 1250;
				LastUpgradeCheck = 1250;
				TargetAttributes = {
					85F840E8267011CD00DD6A8A = {
						CreatedOnToolsVersion = 12.5;
					};
					85F840FE267011CE00DD6A8A = {
						CreatedOnToolsVersion = 12.5;
						TestTargetID = 85F840E8267011CD00DD6A8A;
					};
					85F84109267011CE00DD6A8A = {
						CreatedOnToolsVersion = 12.5;
						TestTargetID = 85F840E8267011CD00DD6A8A;
					};
				};
			};
			buildConfigurationList = 85F840E4267011CD00DD6A8A /* Build configuration list for PBXProject "ENDClothing" */;
			compatibilityVersion = "Xcode 9.3";
			developmentRegion = en;
			hasScannedForEncodings = 0;
			knownRegions = (
				en,
				Base,
			);
			mainGroup = 85F840E0267011CD00DD6A8A;
			productRefGroup = 85F840EA267011CD00DD6A8A /* Products */;
			projectDirPath = "";
			projectRoot = "";
			targets = (
				85F840E8267011CD00DD6A8A /* ENDClothing */,
				85F840FE267011CE00DD6A8A /* ENDClothingTests */,
				85F84109267011CE00DD6A8A /* ENDClothingUITests */,
			);
		};
/* End PBXProject section */

/* Begin PBXResourcesBuildPhase section */
		85F840E7267011CD00DD6A8A /* Resources */ = {
			isa = PBXResourcesBuildPhase;
			buildActionMask = 2147483647;
			files = (
				85F840F9267011CE00DD6A8A /* LaunchScreen.storyboard in Resources */,
				85F840F6267011CE00DD6A8A /* Assets.xcassets in Resources */,
				85F8411D2670123100DD6A8A /* Readme.txt in Resources */,
				85F840F4267011CD00DD6A8A /* Main.storyboard in Resources */,
			);
			runOnlyForDeploymentPostprocessing = 0;
		};
		85F840FD267011CE00DD6A8A /* Resources */ = {
			isa = PBXResourcesBuildPhase;
			buildActionMask = 2147483647;
			files = (
			);
			runOnlyForDeploymentPostprocessing = 0;
		};
		85F84108267011CE00DD6A8A /* Resources */ = {
			isa = PBXResourcesBuildPhase;
			buildActionMask = 2147483647;
			files = (
			);
			runOnlyForDeploymentPostprocessing = 0;
		};
/* End PBXResourcesBuildPhase section */

/* Begin PBXSourcesBuildPhase section */
		85F840E5267011CD00DD6A8A /* Sources */ = {
			isa = PBXSourcesBuildPhase;
			buildActionMask = 2147483647;
			files = (
				85F840F1267011CD00DD6A8A /* ViewController.swift in Sources */,
				85F840ED267011CD00DD6A8A /* AppDelegate.swift in Sources */,
				85F840EF267011CD00DD6A8A /* SceneDelegate.swift in Sources */,
			);
			runOnlyForDeploymentPostprocessing = 0;
		};
		85F840FB267011CE00DD6A8A /* Sources */ = {
			isa = PBXSourcesBuildPhase;
			buildActionMask = 2147483647;
			files = (
				85F84104267011CE00DD6A8A /* ENDClothingTests.swift in Sources */,
			);
			runOnlyForDeploymentPostprocessing = 0;
		};
		85F84106267011CE00DD6A8A /* Sources */ = {
			isa = PBXSourcesBuildPhase;
			buildActionMask = 2147483647;
			files = (
				85F8410F267011CE00DD6A8A /* ENDClothingUITests.swift in Sources */,
			);
			runOnlyForDeploymentPostprocessing = 0;
		};
/* End PBXSourcesBuildPhase section */

/* Begin PBXTargetDependency section */
		85F84101267011CE00DD6A8A /* PBXTargetDependency */ = {
			isa = PBXTargetDependency;
			target = 85F840E8267011CD00DD6A8A /* ENDClothing */;
			targetProxy = 85F84100267011CE00DD6A8A /* PBXContainerItemProxy */;
		};
		85F8410C267011CE00DD6A8A /* PBXTargetDependency */ = {
			isa = PBXTargetDependency;
			target = 85F840E8267011CD00DD6A8A /* ENDClothing */;
			targetProxy = 85F8410B267011CE00DD6A8A /* PBXContainerItemProxy */;
		};
/* End PBXTargetDependency section */

/* Begin PBXVariantGroup section */
		85F840F2267011CD00DD6A8A /* Main.storyboard */ = {
			isa = PBXVariantGroup;
			children = (
				85F840F3267011CD00DD6A8A /* Base */,
			);
			name = Main.storyboard;
			sourceTree = "<group>";
		};
		85F840F7267011CE00DD6A8A /* LaunchScreen.storyboard */ = {
			isa = PBXVariantGroup;
			children = (
				85F840F8267011CE00DD6A8A /* Base */,
			);
			name = LaunchScreen.storyboard;
			sourceTree = "<group>";
		};
/* End PBXVariantGroup section */

/* Begin XCBuildConfiguration section */
		85F84111267011CE00DD6A8A /* Debug */ = {
			isa = XCBuildConfiguration;
			buildSettings = {
				ALWAYS_SEARCH_USER_PATHS = NO;
				CLANG_ANALYZER_NONNULL = YES;
				CLANG_ANALYZER_NUMBER_OBJECT_CONVERSION = YES_AGGRESSIVE;
				CLANG_CXX_LANGUAGE_STANDARD = "gnu++14";
				CLANG_CXX_LIBRARY = "libc++";
				CLANG_ENABLE_MODULES = YES;
				CLANG_ENABLE_OBJC_ARC = YES;
				CLANG_ENABLE_OBJC_WEAK = YES;
				CLANG_WARN_BLOCK_CAPTURE_AUTORELEASING = YES;
				CLANG_WARN_BOOL_CONVERSION = YES;
				CLANG_WARN_COMMA = YES;
				CLANG_WARN_CONSTANT_CONVERSION = YES;
				CLANG_WARN_DEPRECATED_OBJC_IMPLEMENTATIONS = YES;
				CLANG_WARN_DIRECT_OBJC_ISA_USAGE = YES_ERROR;
				CLANG_WARN_DOCUMENTATION_COMMENTS = YES;
				CLANG_WARN_EMPTY_BODY = YES;
				CLANG_WARN_ENUM_CONVERSION = YES;
				CLANG_WARN_INFINITE_RECURSION = YES;
				CLANG_WARN_INT_CONVERSION = YES;
				CLANG_WARN_NON_LITERAL_NULL_CONVERSION = YES;
				CLANG_WARN_OBJC_IMPLICIT_RETAIN_SELF = YES;
				CLANG_WARN_OBJC_LITERAL_CONVERSION = YES;
				CLANG_WARN_OBJC_ROOT_CLASS = YES_ERROR;
				CLANG_WARN_QUOTED_INCLUDE_IN_FRAMEWORK_HEADER = YES;
				CLANG_WARN_RANGE_LOOP_ANALYSIS = YES;
				CLANG_WARN_STRICT_PROTOTYPES = YES;
				CLANG_WARN_SUSPICIOUS_MOVE = YES;
				CLANG_WARN_UNGUARDED_AVAILABILITY = YES_AGGRESSIVE;
				CLANG_WARN_UNREACHABLE_CODE = YES;
				CLANG_WARN__DUPLICATE_METHOD_MATCH = YES;
				COPY_PHASE_STRIP = NO;
				DEBUG_INFORMATION_FORMAT = dwarf;
				ENABLE_STRICT_OBJC_MSGSEND = YES;
				ENABLE_TESTABILITY = YES;
				GCC_C_LANGUAGE_STANDARD = gnu11;
				GCC_DYNAMIC_NO_PIC = NO;
				GCC_NO_COMMON_BLOCKS = YES;
				GCC_OPTIMIZATION_LEVEL = 0;
				GCC_PREPROCESSOR_DEFINITIONS = (
					"DEBUG=1",
					"$(inherited)",
				);
				GCC_WARN_64_TO_32_BIT_CONVERSION = YES;
				GCC_WARN_ABOUT_RETURN_TYPE = YES_ERROR;
				GCC_WARN_UNDECLARED_SELECTOR = YES;
				GCC_WARN_UNINITIALIZED_AUTOS = YES_AGGRESSIVE;
				GCC_WARN_UNUSED_FUNCTION = YES;
				GCC_WARN_UNUSED_VARIABLE = YES;
				IPHONEOS_DEPLOYMENT_TARGET = 14.5;
				MTL_ENABLE_DEBUG_INFO = INCLUDE_SOURCE;
				MTL_FAST_MATH = YES;
				ONLY_ACTIVE_ARCH = YES;
				SDKROOT = iphoneos;
				SWIFT_ACTIVE_COMPILATION_CONDITIONS = DEBUG;
				SWIFT_OPTIMIZATION_LEVEL = "-Onone";
			};
			name = Debug;
		};
		85F84112267011CE00DD6A8A /* Release */ = {
			isa = XCBuildConfiguration;
			buildSettings = {
				ALWAYS_SEARCH_USER_PATHS = NO;
				CLANG_ANALYZER_NONNULL = YES;
				CLANG_ANALYZER_NUMBER_OBJECT_CONVERSION = YES_AGGRESSIVE;
				CLANG_CXX_LANGUAGE_STANDARD = "gnu++14";
				CLANG_CXX_LIBRARY = "libc++";
				CLANG_ENABLE_MODULES = YES;
				CLANG_ENABLE_OBJC_ARC = YES;
				CLANG_ENABLE_OBJC_WEAK = YES;
				CLANG_WARN_BLOCK_CAPTURE_AUTORELEASING = YES;
				CLANG_WARN_BOOL_CONVERSION = YES;
				CLANG_WARN_COMMA = YES;
				CLANG_WARN_CONSTANT_CONVERSION = YES;
				CLANG_WARN_DEPRECATED_OBJC_IMPLEMENTATIONS = YES;
				CLANG_WARN_DIRECT_OBJC_ISA_USAGE = YES_ERROR;
				CLANG_WARN_DOCUMENTATION_COMMENTS = YES;
				CLANG_WARN_EMPTY_BODY = YES;
				CLANG_WARN_ENUM_CONVERSION = YES;
				CLANG_WARN_INFINITE_RECURSION = YES;
				CLANG_WARN_INT_CONVERSION = YES;
				CLANG_WARN_NON_LITERAL_NULL_CONVERSION = YES;
				CLANG_WARN_OBJC_IMPLICIT_RETAIN_SELF = YES;
				CLANG_WARN_OBJC_LITERAL_CONVERSION = YES;
				CLANG_WARN_OBJC_ROOT_CLASS = YES_ERROR;
				CLANG_WARN_QUOTED_INCLUDE_IN_FRAMEWORK_HEADER = YES;
				CLANG_WARN_RANGE_LOOP_ANALYSIS = YES;
				CLANG_WARN_STRICT_PROTOTYPES = YES;
				CLANG_WARN_SUSPICIOUS_MOVE = YES;
				CLANG_WARN_UNGUARDED_AVAILABILITY = YES_AGGRESSIVE;
				CLANG_WARN_UNREACHABLE_CODE = YES;
				CLANG_WARN__DUPLICATE_METHOD_MATCH = YES;
				COPY_PHASE_STRIP = NO;
				DEBUG_INFORMATION_FORMAT = "dwarf-with-dsym";
				ENABLE_NS_ASSERTIONS = NO;
				ENABLE_STRICT_OBJC_MSGSEND = YES;
				GCC_C_LANGUAGE_STANDARD = gnu11;
				GCC_NO_COMMON_BLOCKS = YES;
				GCC_WARN_64_TO_32_BIT_CONVERSION = YES;
				GCC_WARN_ABOUT_RETURN_TYPE = YES_ERROR;
				GCC_WARN_UNDECLARED_SELECTOR = YES;
				GCC_WARN_UNINITIALIZED_AUTOS = YES_AGGRESSIVE;
				GCC_WARN_UNUSED_FUNCTION = YES;
				GCC_WARN_UNUSED_VARIABLE = YES;
				IPHONEOS_DEPLOYMENT_TARGET = 14.5;
				MTL_ENABLE_DEBUG_INFO = NO;
				MTL_FAST_MATH = YES;
				SDKROOT = iphoneos;
				SWIFT_COMPILATION_MODE = wholemodule;
				SWIFT_OPTIMIZATION_LEVEL = "-O";
				VALIDATE_PRODUCT = YES;
			};
			name = Release;
		};
		85F84114267011CE00DD6A8A /* Debug */ = {
			isa = XCBuildConfiguration;
			buildSettings = {
				ASSETCATALOG_COMPILER_APPICON_NAME = AppIcon;
				ASSETCATALOG_COMPILER_GLOBAL_ACCENT_COLOR_NAME = AccentColor;
				CODE_SIGN_STYLE = Automatic;
				DEVELOPMENT_TEAM = UWWP6897T2;
				INFOPLIST_FILE = "ENDClothing/Main Files/Info.plist";
				LD_RUNPATH_SEARCH_PATHS = (
					"$(inherited)",
					"@executable_path/Frameworks",
				);
				PRODUCT_BUNDLE_IDENTIFIER = com.pablo.ENDClothing;
				PRODUCT_NAME = "$(TARGET_NAME)";
				SWIFT_VERSION = 5.0;
				TARGETED_DEVICE_FAMILY = "1,2";
			};
			name = Debug;
		};
		85F84115267011CE00DD6A8A /* Release */ = {
			isa = XCBuildConfiguration;
			buildSettings = {
				ASSETCATALOG_COMPILER_APPICON_NAME = AppIcon;
				ASSETCATALOG_COMPILER_GLOBAL_ACCENT_COLOR_NAME = AccentColor;
				CODE_SIGN_STYLE = Automatic;
				DEVELOPMENT_TEAM = UWWP6897T2;
				INFOPLIST_FILE = "ENDClothing/Main Files/Info.plist";
				LD_RUNPATH_SEARCH_PATHS = (
					"$(inherited)",
					"@executable_path/Frameworks",
				);
				PRODUCT_BUNDLE_IDENTIFIER = com.pablo.ENDClothing;
				PRODUCT_NAME = "$(TARGET_NAME)";
				SWIFT_VERSION = 5.0;
				TARGETED_DEVICE_FAMILY = "1,2";
			};
			name = Release;
		};
		85F84117267011CE00DD6A8A /* Debug */ = {
			isa = XCBuildConfiguration;
			buildSettings = {
				ALWAYS_EMBED_SWIFT_STANDARD_LIBRARIES = YES;
				BUNDLE_LOADER = "$(TEST_HOST)";
				CODE_SIGN_STYLE = Automatic;
				DEVELOPMENT_TEAM = UWWP6897T2;
				INFOPLIST_FILE = ENDClothingTests/Info.plist;
				IPHONEOS_DEPLOYMENT_TARGET = 14.5;
				LD_RUNPATH_SEARCH_PATHS = (
					"$(inherited)",
					"@executable_path/Frameworks",
					"@loader_path/Frameworks",
				);
				PRODUCT_BUNDLE_IDENTIFIER = com.pablo.ENDClothingTests;
				PRODUCT_NAME = "$(TARGET_NAME)";
				SWIFT_VERSION = 5.0;
				TARGETED_DEVICE_FAMILY = "1,2";
				TEST_HOST = "$(BUILT_PRODUCTS_DIR)/ENDClothing.app/ENDClothing";
			};
			name = Debug;
		};
		85F84118267011CE00DD6A8A /* Release */ = {
			isa = XCBuildConfiguration;
			buildSettings = {
				ALWAYS_EMBED_SWIFT_STANDARD_LIBRARIES = YES;
				BUNDLE_LOADER = "$(TEST_HOST)";
				CODE_SIGN_STYLE = Automatic;
				DEVELOPMENT_TEAM = UWWP6897T2;
				INFOPLIST_FILE = ENDClothingTests/Info.plist;
				IPHONEOS_DEPLOYMENT_TARGET = 14.5;
				LD_RUNPATH_SEARCH_PATHS = (
					"$(inherited)",
					"@executable_path/Frameworks",
					"@loader_path/Frameworks",
				);
				PRODUCT_BUNDLE_IDENTIFIER = com.pablo.ENDClothingTests;
				PRODUCT_NAME = "$(TARGET_NAME)";
				SWIFT_VERSION = 5.0;
				TARGETED_DEVICE_FAMILY = "1,2";
				TEST_HOST = "$(BUILT_PRODUCTS_DIR)/ENDClothing.app/ENDClothing";
			};
			name = Release;
		};
		85F8411A267011CE00DD6A8A /* Debug */ = {
			isa = XCBuildConfiguration;
			buildSettings = {
				ALWAYS_EMBED_SWIFT_STANDARD_LIBRARIES = YES;
				CODE_SIGN_STYLE = Automatic;
				DEVELOPMENT_TEAM = UWWP6897T2;
				INFOPLIST_FILE = ENDClothingUITests/Info.plist;
				LD_RUNPATH_SEARCH_PATHS = (
					"$(inherited)",
					"@executable_path/Frameworks",
					"@loader_path/Frameworks",
				);
				PRODUCT_BUNDLE_IDENTIFIER = com.pablo.ENDClothingUITests;
				PRODUCT_NAME = "$(TARGET_NAME)";
				SWIFT_VERSION = 5.0;
				TARGETED_DEVICE_FAMILY = "1,2";
				TEST_TARGET_NAME = ENDClothing;
			};
			name = Debug;
		};
		85F8411B267011CE00DD6A8A /* Release */ = {
			isa = XCBuildConfiguration;
			buildSettings = {
				ALWAYS_EMBED_SWIFT_STANDARD_LIBRARIES = YES;
				CODE_SIGN_STYLE = Automatic;
				DEVELOPMENT_TEAM = UWWP6897T2;
				INFOPLIST_FILE = ENDClothingUITests/Info.plist;
				LD_RUNPATH_SEARCH_PATHS = (
					"$(inherited)",
					"@executable_path/Frameworks",
					"@loader_path/Frameworks",
				);
				PRODUCT_BUNDLE_IDENTIFIER = com.pablo.ENDClothingUITests;
				PRODUCT_NAME = "$(TARGET_NAME)";
				SWIFT_VERSION = 5.0;
				TARGETED_DEVICE_FAMILY = "1,2";
				TEST_TARGET_NAME = ENDClothing;
			};
			name = Release;
		};
/* End XCBuildConfiguration section */

/* Begin XCConfigurationList section */
		85F840E4267011CD00DD6A8A /* Build configuration list for PBXProject "ENDClothing" */ = {
			isa = XCConfigurationList;
			buildConfigurations = (
				85F84111267011CE00DD6A8A /* Debug */,
				85F84112267011CE00DD6A8A /* Release */,
			);
			defaultConfigurationIsVisible = 0;
			defaultConfigurationName = Release;
		};
		85F84113267011CE00DD6A8A /* Build configuration list for PBXNativeTarget "ENDClothing" */ = {
			isa = XCConfigurationList;
			buildConfigurations = (
				85F84114267011CE00DD6A8A /* Debug */,
				85F84115267011CE00DD6A8A /* Release */,
			);
			defaultConfigurationIsVisible = 0;
			defaultConfigurationName = Release;
		};
		85F84116267011CE00DD6A8A /* Build configuration list for PBXNativeTarget "ENDClothingTests" */ = {
			isa = XCConfigurationList;
			buildConfigurations = (
				85F84117267011CE00DD6A8A /* Debug */,
				85F84118267011CE00DD6A8A /* Release */,
			);
			defaultConfigurationIsVisible = 0;
			defaultConfigurationName = Release;
		};
		85F84119267011CE00DD6A8A /* Build configuration list for PBXNativeTarget "ENDClothingUITests" */ = {
			isa = XCConfigurationList;
			buildConfigurations = (
				85F8411A267011CE00DD6A8A /* Debug */,
				85F8411B267011CE00DD6A8A /* Release */,
			);
			defaultConfigurationIsVisible = 0;
			defaultConfigurationName = Release;
		};
/* End XCConfigurationList section */
	};
	rootObject = 85F840E1267011CD00DD6A8A /* Project object */;
}
