// !$*UTF8*$!
{
	archiveVersion = 1;
	classes = {
	};
	objectVersion = 51;
	objects = {

/* Begin PBXBuildFile section */
		2AEDD2C679C281A234F9B196 /* Pods_ENDClothing_ENDClothingUITests.framework in Frameworks */ = {isa = PBXBuildFile; fileRef = 6F3245C3A63193D47B232CD3 /* Pods_ENDClothing_ENDClothingUITests.framework */; };
		2D7C82175DF8F6ABF4A1BD22 /* Pods_ENDClothing.framework in Frameworks */ = {isa = PBXBuildFile; fileRef = 5D716FBAE8CA8D6A4C79BB8F /* Pods_ENDClothing.framework */; };
		8523B3F6267A9772000EED63 /* ProductViewCell.swift in Sources */ = {isa = PBXBuildFile; fileRef = 8523B3F5267A9772000EED63 /* ProductViewCell.swift */; };
		8523B3FA267AA183000EED63 /* ProductDescriptionViewCell.swift in Sources */ = {isa = PBXBuildFile; fileRef = 8523B3F9267AA183000EED63 /* ProductDescriptionViewCell.swift */; };
		853250A02678086B002424FB /* MainCoordinator.swift in Sources */ = {isa = PBXBuildFile; fileRef = 8532509F2678086B002424FB /* MainCoordinator.swift */; };
		853250A426780B45002424FB /* ProductViewController.swift in Sources */ = {isa = PBXBuildFile; fileRef = 853250A326780B45002424FB /* ProductViewController.swift */; };
		853250A626780C12002424FB /* ProductViewModel.swift in Sources */ = {isa = PBXBuildFile; fileRef = 853250A526780C12002424FB /* ProductViewModel.swift */; };
		853674502674C5B800B18BC2 /* ProductRepository.swift in Sources */ = {isa = PBXBuildFile; fileRef = 8536744F2674C5B800B18BC2 /* ProductRepository.swift */; };
		853674532674C5DC00B18BC2 /* Product.swift in Sources */ = {isa = PBXBuildFile; fileRef = 853674522674C5DC00B18BC2 /* Product.swift */; };
		853674552674C6BE00B18BC2 /* CatalogViewModel.swift in Sources */ = {isa = PBXBuildFile; fileRef = 853674542674C6BE00B18BC2 /* CatalogViewModel.swift */; };
		85367460267689D100B18BC2 /* CatalogViewCell.swift in Sources */ = {isa = PBXBuildFile; fileRef = 8536745F267689D100B18BC2 /* CatalogViewCell.swift */; };
		853674632676939400B18BC2 /* Constants.swift in Sources */ = {isa = PBXBuildFile; fileRef = 853674622676939400B18BC2 /* Constants.swift */; };
		85C312022672913500D12009 /* NetworkManager.swift in Sources */ = {isa = PBXBuildFile; fileRef = 85C312012672913500D12009 /* NetworkManager.swift */; };
		85F840ED267011CD00DD6A8A /* AppDelegate.swift in Sources */ = {isa = PBXBuildFile; fileRef = 85F840EC267011CD00DD6A8A /* AppDelegate.swift */; };
		85F840EF267011CD00DD6A8A /* SceneDelegate.swift in Sources */ = {isa = PBXBuildFile; fileRef = 85F840EE267011CD00DD6A8A /* SceneDelegate.swift */; };
		85F840F1267011CD00DD6A8A /* CatalogViewController.swift in Sources */ = {isa = PBXBuildFile; fileRef = 85F840F0267011CD00DD6A8A /* CatalogViewController.swift */; };
		85F840F6267011CE00DD6A8A /* Assets.xcassets in Resources */ = {isa = PBXBuildFile; fileRef = 85F840F5267011CE00DD6A8A /* Assets.xcassets */; };
		85F840F9267011CE00DD6A8A /* LaunchScreen.storyboard in Resources */ = {isa = PBXBuildFile; fileRef = 85F840F7267011CE00DD6A8A /* LaunchScreen.storyboard */; };
		85F84104267011CE00DD6A8A /* CatalogViewModelTests.swift in Sources */ = {isa = PBXBuildFile; fileRef = 85F84103267011CE00DD6A8A /* CatalogViewModelTests.swift */; };
		85F8410F267011CE00DD6A8A /* ENDClothingUITests.swift in Sources */ = {isa = PBXBuildFile; fileRef = 85F8410E267011CE00DD6A8A /* ENDClothingUITests.swift */; };
		85F8411D2670123100DD6A8A /* Readme.txt in Resources */ = {isa = PBXBuildFile; fileRef = 85F8411C2670123100DD6A8A /* Readme.txt */; };
		85F8412526701CE000DD6A8A /* UIView+Helpers.swift in Sources */ = {isa = PBXBuildFile; fileRef = 85F8412426701CE000DD6A8A /* UIView+Helpers.swift */; };
		8F3A07AA7A417CF89E0C88BA /* Pods_ENDClothingTests.framework in Frameworks */ = {isa = PBXBuildFile; fileRef = 4D0F3BA8574660878040B9A6 /* Pods_ENDClothingTests.framework */; };
/* End PBXBuildFile section */

/* Begin PBXContainerItemProxy section */
		85F84100267011CE00DD6A8A /* PBXContainerItemProxy */ = {
			isa = PBXContainerItemProxy;
			containerPortal = 85F840E1267011CD00DD6A8A /* Project object */;
			proxyType = 1;
			remoteGlobalIDString = 85F840E8267011CD00DD6A8A;
			remoteInfo = ENDClothing;
		};
		85F8410B267011CE00DD6A8A /* PBXContainerItemProxy */ = {
			isa = PBXContainerItemProxy;
			containerPortal = 85F840E1267011CD00DD6A8A /* Project object */;
			proxyType = 1;
			remoteGlobalIDString = 85F840E8267011CD00DD6A8A;
			remoteInfo = ENDClothing;
		};
/* End PBXContainerItemProxy section */

/* Begin PBXFileReference section */
		19C30A5EFD2D0179C034A988 /* Pods-ENDClothing.debug.xcconfig */ = {isa = PBXFileReference; includeInIndex = 1; lastKnownFileType = text.xcconfig; name = "Pods-ENDClothing.debug.xcconfig"; path = "Target Support Files/Pods-ENDClothing/Pods-ENDClothing.debug.xcconfig"; sourceTree = "<group>"; };
		311B3E6A79D851E771B7BDD4 /* Pods-ENDClothingTests.release.xcconfig */ = {isa = PBXFileReference; includeInIndex = 1; lastKnownFileType = text.xcconfig; name = "Pods-ENDClothingTests.release.xcconfig"; path = "Target Support Files/Pods-ENDClothingTests/Pods-ENDClothingTests.release.xcconfig"; sourceTree = "<group>"; };
		4D0F3BA8574660878040B9A6 /* Pods_ENDClothingTests.framework */ = {isa = PBXFileReference; explicitFileType = wrapper.framework; includeInIndex = 0; path = Pods_ENDClothingTests.framework; sourceTree = BUILT_PRODUCTS_DIR; };
		5D716FBAE8CA8D6A4C79BB8F /* Pods_ENDClothing.framework */ = {isa = PBXFileReference; explicitFileType = wrapper.framework; includeInIndex = 0; path = Pods_ENDClothing.framework; sourceTree = BUILT_PRODUCTS_DIR; };
		64DDC4F0A1E2ED2E8EA967C6 /* Pods-ENDClothing-ENDClothingUITests.release.xcconfig */ = {isa = PBXFileReference; includeInIndex = 1; lastKnownFileType = text.xcconfig; name = "Pods-ENDClothing-ENDClothingUITests.release.xcconfig"; path = "Target Support Files/Pods-ENDClothing-ENDClothingUITests/Pods-ENDClothing-ENDClothingUITests.release.xcconfig"; sourceTree = "<group>"; };
		6F3245C3A63193D47B232CD3 /* Pods_ENDClothing_ENDClothingUITests.framework */ = {isa = PBXFileReference; explicitFileType = wrapper.framework; includeInIndex = 0; path = Pods_ENDClothing_ENDClothingUITests.framework; sourceTree = BUILT_PRODUCTS_DIR; };
		8523B3F5267A9772000EED63 /* ProductViewCell.swift */ = {isa = PBXFileReference; lastKnownFileType = sourcecode.swift; path = ProductViewCell.swift; sourceTree = "<group>"; };
		8523B3F9267AA183000EED63 /* ProductDescriptionViewCell.swift */ = {isa = PBXFileReference; lastKnownFileType = sourcecode.swift; path = ProductDescriptionViewCell.swift; sourceTree = "<group>"; };
		8532509F2678086B002424FB /* MainCoordinator.swift */ = {isa = PBXFileReference; lastKnownFileType = sourcecode.swift; path = MainCoordinator.swift; sourceTree = "<group>"; };
		853250A326780B45002424FB /* ProductViewController.swift */ = {isa = PBXFileReference; lastKnownFileType = sourcecode.swift; path = ProductViewController.swift; sourceTree = "<group>"; };
		853250A526780C12002424FB /* ProductViewModel.swift */ = {isa = PBXFileReference; lastKnownFileType = sourcecode.swift; path = ProductViewModel.swift; sourceTree = "<group>"; };
		8536744F2674C5B800B18BC2 /* ProductRepository.swift */ = {isa = PBXFileReference; lastKnownFileType = sourcecode.swift; path = ProductRepository.swift; sourceTree = "<group>"; };
		853674522674C5DC00B18BC2 /* Product.swift */ = {isa = PBXFileReference; lastKnownFileType = sourcecode.swift; path = Product.swift; sourceTree = "<group>"; };
		853674542674C6BE00B18BC2 /* CatalogViewModel.swift */ = {isa = PBXFileReference; lastKnownFileType = sourcecode.swift; path = CatalogViewModel.swift; sourceTree = "<group>"; };
		8536745F267689D100B18BC2 /* CatalogViewCell.swift */ = {isa = PBXFileReference; lastKnownFileType = sourcecode.swift; path = CatalogViewCell.swift; sourceTree = "<group>"; };
		853674622676939400B18BC2 /* Constants.swift */ = {isa = PBXFileReference; lastKnownFileType = sourcecode.swift; path = Constants.swift; sourceTree = "<group>"; };
		85C312012672913500D12009 /* NetworkManager.swift */ = {isa = PBXFileReference; lastKnownFileType = sourcecode.swift; path = NetworkManager.swift; sourceTree = "<group>"; };
		85F840E9267011CD00DD6A8A /* ENDClothing.app */ = {isa = PBXFileReference; explicitFileType = wrapper.application; includeInIndex = 0; path = ENDClothing.app; sourceTree = BUILT_PRODUCTS_DIR; };
		85F840EC267011CD00DD6A8A /* AppDelegate.swift */ = {isa = PBXFileReference; lastKnownFileType = sourcecode.swift; path = AppDelegate.swift; sourceTree = "<group>"; };
		85F840EE267011CD00DD6A8A /* SceneDelegate.swift */ = {isa = PBXFileReference; lastKnownFileType = sourcecode.swift; path = SceneDelegate.swift; sourceTree = "<group>"; };
		85F840F0267011CD00DD6A8A /* CatalogViewController.swift */ = {isa = PBXFileReference; lastKnownFileType = sourcecode.swift; path = CatalogViewController.swift; sourceTree = "<group>"; };
		85F840F5267011CE00DD6A8A /* Assets.xcassets */ = {isa = PBXFileReference; lastKnownFileType = folder.assetcatalog; path = Assets.xcassets; sourceTree = "<group>"; };
		85F840F8267011CE00DD6A8A /* Base */ = {isa = PBXFileReference; lastKnownFileType = file.storyboard; name = Base; path = Base.lproj/LaunchScreen.storyboard; sourceTree = "<group>"; };
		85F840FA267011CE00DD6A8A /* Info.plist */ = {isa = PBXFileReference; lastKnownFileType = text.plist.xml; path = Info.plist; sourceTree = "<group>"; };
		85F840FF267011CE00DD6A8A /* ENDClothingTests.xctest */ = {isa = PBXFileReference; explicitFileType = wrapper.cfbundle; includeInIndex = 0; path = ENDClothingTests.xctest; sourceTree = BUILT_PRODUCTS_DIR; };
		85F84103267011CE00DD6A8A /* CatalogViewModelTests.swift */ = {isa = PBXFileReference; lastKnownFileType = sourcecode.swift; path = CatalogViewModelTests.swift; sourceTree = "<group>"; };
		85F84105267011CE00DD6A8A /* Info.plist */ = {isa = PBXFileReference; lastKnownFileType = text.plist.xml; path = Info.plist; sourceTree = "<group>"; };
		85F8410A267011CE00DD6A8A /* ENDClothingUITests.xctest */ = {isa = PBXFileReference; explicitFileType = wrapper.cfbundle; includeInIndex = 0; path = ENDClothingUITests.xctest; sourceTree = BUILT_PRODUCTS_DIR; };
		85F8410E267011CE00DD6A8A /* ENDClothingUITests.swift */ = {isa = PBXFileReference; lastKnownFileType = sourcecode.swift; path = ENDClothingUITests.swift; sourceTree = "<group>"; };
		85F84110267011CE00DD6A8A /* Info.plist */ = {isa = PBXFileReference; lastKnownFileType = text.plist.xml; path = Info.plist; sourceTree = "<group>"; };
		85F8411C2670123100DD6A8A /* Readme.txt */ = {isa = PBXFileReference; lastKnownFileType = text; path = Readme.txt; sourceTree = "<group>"; };
		85F8412426701CE000DD6A8A /* UIView+Helpers.swift */ = {isa = PBXFileReference; lastKnownFileType = sourcecode.swift; path = "UIView+Helpers.swift"; sourceTree = "<group>"; };
		9700B4E93C5A0AA749EA9AFA /* Pods-ENDClothingTests.debug.xcconfig */ = {isa = PBXFileReference; includeInIndex = 1; lastKnownFileType = text.xcconfig; name = "Pods-ENDClothingTests.debug.xcconfig"; path = "Target Support Files/Pods-ENDClothingTests/Pods-ENDClothingTests.debug.xcconfig"; sourceTree = "<group>"; };
		B8BF49DF5837DB28A7D5F25C /* Pods-ENDClothing.release.xcconfig */ = {isa = PBXFileReference; includeInIndex = 1; lastKnownFileType = text.xcconfig; name = "Pods-ENDClothing.release.xcconfig"; path = "Target Support Files/Pods-ENDClothing/Pods-ENDClothing.release.xcconfig"; sourceTree = "<group>"; };
		B9D8A28D0E5034910477D8AF /* Pods-ENDClothing-ENDClothingUITests.debug.xcconfig */ = {isa = PBXFileReference; includeInIndex = 1; lastKnownFileType = text.xcconfig; name = "Pods-ENDClothing-ENDClothingUITests.debug.xcconfig"; path = "Target Support Files/Pods-ENDClothing-ENDClothingUITests/Pods-ENDClothing-ENDClothingUITests.debug.xcconfig"; sourceTree = "<group>"; };
/* End PBXFileReference section */

/* Begin PBXFrameworksBuildPhase section */
		85F840E6267011CD00DD6A8A /* Frameworks */ = {
			isa = PBXFrameworksBuildPhase;
			buildActionMask = 2147483647;
			files = (
				2D7C82175DF8F6ABF4A1BD22 /* Pods_ENDClothing.framework in Frameworks */,
			);
			runOnlyForDeploymentPostprocessing = 0;
		};
		85F840FC267011CE00DD6A8A /* Frameworks */ = {
			isa = PBXFrameworksBuildPhase;
			buildActionMask = 2147483647;
			files = (
				8F3A07AA7A417CF89E0C88BA /* Pods_ENDClothingTests.framework in Frameworks */,
			);
			runOnlyForDeploymentPostprocessing = 0;
		};
		85F84107267011CE00DD6A8A /* Frameworks */ = {
			isa = PBXFrameworksBuildPhase;
			buildActionMask = 2147483647;
			files = (
				2AEDD2C679C281A234F9B196 /* Pods_ENDClothing_ENDClothingUITests.framework in Frameworks */,
			);
			runOnlyForDeploymentPostprocessing = 0;
		};
/* End PBXFrameworksBuildPhase section */

/* Begin PBXGroup section */
		0CBE376DD23BBBC38437D7E7 /* Pods */ = {
			isa = PBXGroup;
			children = (
				19C30A5EFD2D0179C034A988 /* Pods-ENDClothing.debug.xcconfig */,
				B8BF49DF5837DB28A7D5F25C /* Pods-ENDClothing.release.xcconfig */,
				B9D8A28D0E5034910477D8AF /* Pods-ENDClothing-ENDClothingUITests.debug.xcconfig */,
				64DDC4F0A1E2ED2E8EA967C6 /* Pods-ENDClothing-ENDClothingUITests.release.xcconfig */,
				9700B4E93C5A0AA749EA9AFA /* Pods-ENDClothingTests.debug.xcconfig */,
				311B3E6A79D851E771B7BDD4 /* Pods-ENDClothingTests.release.xcconfig */,
			);
			path = Pods;
			sourceTree = "<group>";
		};
		6EC1D322C19435B7A192C4D2 /* Frameworks */ = {
			isa = PBXGroup;
			children = (
				5D716FBAE8CA8D6A4C79BB8F /* Pods_ENDClothing.framework */,
				6F3245C3A63193D47B232CD3 /* Pods_ENDClothing_ENDClothingUITests.framework */,
				4D0F3BA8574660878040B9A6 /* Pods_ENDClothingTests.framework */,
			);
			name = Frameworks;
			sourceTree = "<group>";
		};
		8532509E2678085B002424FB /* Coordinators */ = {
			isa = PBXGroup;
			children = (
				8532509F2678086B002424FB /* MainCoordinator.swift */,
			);
			path = Coordinators;
			sourceTree = "<group>";
		};
		853250A126780B28002424FB /* Catalog */ = {
			isa = PBXGroup;
			children = (
				8536745E267689C100B18BC2 /* Views */,
				853674542674C6BE00B18BC2 /* CatalogViewModel.swift */,
				85F840F0267011CD00DD6A8A /* CatalogViewController.swift */,
			);
			path = Catalog;
			sourceTree = "<group>";
		};
		853250A226780B38002424FB /* Product */ = {
			isa = PBXGroup;
			children = (
				85C64D4D26790DD6003AE9B6 /* Views */,
				853250A326780B45002424FB /* ProductViewController.swift */,
				853250A526780C12002424FB /* ProductViewModel.swift */,
			);
			path = Product;
			sourceTree = "<group>";
		};
		8536744E2674C5A000B18BC2 /* Repositories */ = {
			isa = PBXGroup;
			children = (
				8536744F2674C5B800B18BC2 /* ProductRepository.swift */,
			);
			path = Repositories;
			sourceTree = "<group>";
		};
		853674512674C5D300B18BC2 /* Models */ = {
			isa = PBXGroup;
			children = (
				853674522674C5DC00B18BC2 /* Product.swift */,
			);
			path = Models;
			sourceTree = "<group>";
		};
		8536745E267689C100B18BC2 /* Views */ = {
			isa = PBXGroup;
			children = (
				8536745F267689D100B18BC2 /* CatalogViewCell.swift */,
			);
			path = Views;
			sourceTree = "<group>";
		};
		85C312002672910000D12009 /* Networking */ = {
			isa = PBXGroup;
			children = (
				85C312012672913500D12009 /* NetworkManager.swift */,
			);
			path = Networking;
			sourceTree = "<group>";
		};
		85C64D4D26790DD6003AE9B6 /* Views */ = {
			isa = PBXGroup;
			children = (
				8523B3F9267AA183000EED63 /* ProductDescriptionViewCell.swift */,
				8523B3F5267A9772000EED63 /* ProductViewCell.swift */,
			);
			path = Views;
			sourceTree = "<group>";
		};
		85F840E0267011CD00DD6A8A = {
			isa = PBXGroup;
			children = (
				85F840EB267011CD00DD6A8A /* ENDClothing */,
				85F84102267011CE00DD6A8A /* ENDClothingTests */,
				85F8410D267011CE00DD6A8A /* ENDClothingUITests */,
				85F840EA267011CD00DD6A8A /* Products */,
				85F8411C2670123100DD6A8A /* Readme.txt */,
				0CBE376DD23BBBC38437D7E7 /* Pods */,
				6EC1D322C19435B7A192C4D2 /* Frameworks */,
			);
			sourceTree = "<group>";
		};
		85F840EA267011CD00DD6A8A /* Products */ = {
			isa = PBXGroup;
			children = (
				85F840E9267011CD00DD6A8A /* ENDClothing.app */,
				85F840FF267011CE00DD6A8A /* ENDClothingTests.xctest */,
				85F8410A267011CE00DD6A8A /* ENDClothingUITests.xctest */,
			);
			name = Products;
			sourceTree = "<group>";
		};
		85F840EB267011CD00DD6A8A /* ENDClothing */ = {
			isa = PBXGroup;
			children = (
				8532509E2678085B002424FB /* Coordinators */,
				85F8412326701CD400DD6A8A /* Helpers */,
				85F8411E267012C600DD6A8A /* Main Files */,
				853674512674C5D300B18BC2 /* Models */,
				85F8411F267012D300DD6A8A /* Modules */,
				85C312002672910000D12009 /* Networking */,
				8536744E2674C5A000B18BC2 /* Repositories */,
			);
			path = ENDClothing;
			sourceTree = "<group>";
		};
		85F84102267011CE00DD6A8A /* ENDClothingTests */ = {
			isa = PBXGroup;
			children = (
				85F84103267011CE00DD6A8A /* CatalogViewModelTests.swift */,
				85F84105267011CE00DD6A8A /* Info.plist */,
			);
			path = ENDClothingTests;
			sourceTree = "<group>";
		};
		85F8410D267011CE00DD6A8A /* ENDClothingUITests */ = {
			isa = PBXGroup;
			children = (
				85F8410E267011CE00DD6A8A /* ENDClothingUITests.swift */,
				85F84110267011CE00DD6A8A /* Info.plist */,
			);
			path = ENDClothingUITests;
			sourceTree = "<group>";
		};
		85F8411E267012C600DD6A8A /* Main Files */ = {
			isa = PBXGroup;
			children = (
				85F840EC267011CD00DD6A8A /* AppDelegate.swift */,
				85F840EE267011CD00DD6A8A /* SceneDelegate.swift */,
				85F840F5267011CE00DD6A8A /* Assets.xcassets */,
				85F840F7267011CE00DD6A8A /* LaunchScreen.storyboard */,
				85F840FA267011CE00DD6A8A /* Info.plist */,
			);
			path = "Main Files";
			sourceTree = "<group>";
		};
		85F8411F267012D300DD6A8A /* Modules */ = {
			isa = PBXGroup;
			children = (
				853250A126780B28002424FB /* Catalog */,
				853250A226780B38002424FB /* Product */,
			);
			path = Modules;
			sourceTree = "<group>";
		};
		85F8412326701CD400DD6A8A /* Helpers */ = {
			isa = PBXGroup;
			children = (
				853674622676939400B18BC2 /* Constants.swift */,
				85F8412426701CE000DD6A8A /* UIView+Helpers.swift */,
			);
			path = Helpers;
			sourceTree = "<group>";
		};
/* End PBXGroup section */

/* Begin PBXNativeTarget section */
		85F840E8267011CD00DD6A8A /* ENDClothing */ = {
			isa = PBXNativeTarget;
			buildConfigurationList = 85F84113267011CE00DD6A8A /* Build configuration list for PBXNativeTarget "ENDClothing" */;
			buildPhases = (
				941E460EA0D167012086B9C8 /* [CP] Check Pods Manifest.lock */,
				85F840E5267011CD00DD6A8A /* Sources */,
				85F840E6267011CD00DD6A8A /* Frameworks */,
				85F840E7267011CD00DD6A8A /* Resources */,
				948BEDDCB18F641646FDA4CA /* [CP] Embed Pods Frameworks */,
			);
			buildRules = (
			);
			dependencies = (
			);
			name = ENDClothing;
			productName = ENDClothing;
			productReference = 85F840E9267011CD00DD6A8A /* ENDClothing.app */;
			productType = "com.apple.product-type.application";
		};
		85F840FE267011CE00DD6A8A /* ENDClothingTests */ = {
			isa = PBXNativeTarget;
			buildConfigurationList = 85F84116267011CE00DD6A8A /* Build configuration list for PBXNativeTarget "ENDClothingTests" */;
			buildPhases = (
				9B1ED6C51AB1A4D1E469730D /* [CP] Check Pods Manifest.lock */,
				85F840FB267011CE00DD6A8A /* Sources */,
				85F840FC267011CE00DD6A8A /* Frameworks */,
				85F840FD267011CE00DD6A8A /* Resources */,
			);
			buildRules = (
			);
			dependencies = (
				85F84101267011CE00DD6A8A /* PBXTargetDependency */,
			);
			name = ENDClothingTests;
			productName = ENDClothingTests;
			productReference = 85F840FF267011CE00DD6A8A /* ENDClothingTests.xctest */;
			productType = "com.apple.product-type.bundle.unit-test";
		};
		85F84109267011CE00DD6A8A /* ENDClothingUITests */ = {
			isa = PBXNativeTarget;
			buildConfigurationList = 85F84119267011CE00DD6A8A /* Build configuration list for PBXNativeTarget "ENDClothingUITests" */;
			buildPhases = (
				8DB1ECA5EF0D3A922B040C42 /* [CP] Check Pods Manifest.lock */,
				85F84106267011CE00DD6A8A /* Sources */,
				85F84107267011CE00DD6A8A /* Frameworks */,
				85F84108267011CE00DD6A8A /* Resources */,
				6B2B93BE4763934ABE9567AE /* [CP] Embed Pods Frameworks */,
			);
			buildRules = (
			);
			dependencies = (
				85F8410C267011CE00DD6A8A /* PBXTargetDependency */,
			);
			name = ENDClothingUITests;
			productName = ENDClothingUITests;
			productReference = 85F8410A267011CE00DD6A8A /* ENDClothingUITests.xctest */;
			productType = "com.apple.product-type.bundle.ui-testing";
		};
/* End PBXNativeTarget section */

/* Begin PBXProject section */
		85F840E1267011CD00DD6A8A /* Project object */ = {
			isa = PBXProject;
			attributes = {
				LastSwiftUpdateCheck = 1250;
				LastUpgradeCheck = 1250;
				TargetAttributes = {
					85F840E8267011CD00DD6A8A = {
						CreatedOnToolsVersion = 12.5;
					};
					85F840FE267011CE00DD6A8A = {
						CreatedOnToolsVersion = 12.5;
						TestTargetID = 85F840E8267011CD00DD6A8A;
					};
					85F84109267011CE00DD6A8A = {
						CreatedOnToolsVersion = 12.5;
						TestTargetID = 85F840E8267011CD00DD6A8A;
					};
				};
			};
			buildConfigurationList = 85F840E4267011CD00DD6A8A /* Build configuration list for PBXProject "ENDClothing" */;
			compatibilityVersion = "Xcode 9.3";
			developmentRegion = en;
			hasScannedForEncodings = 0;
			knownRegions = (
				en,
				Base,
			);
			mainGroup = 85F840E0267011CD00DD6A8A;
			productRefGroup = 85F840EA267011CD00DD6A8A /* Products */;
			projectDirPath = "";
			projectRoot = "";
			targets = (
				85F840E8267011CD00DD6A8A /* ENDClothing */,
				85F840FE267011CE00DD6A8A /* ENDClothingTests */,
				85F84109267011CE00DD6A8A /* ENDClothingUITests */,
			);
		};
/* End PBXProject section */

/* Begin PBXResourcesBuildPhase section */
		85F840E7267011CD00DD6A8A /* Resources */ = {
			isa = PBXResourcesBuildPhase;
			buildActionMask = 2147483647;
			files = (
				85F840F9267011CE00DD6A8A /* LaunchScreen.storyboard in Resources */,
				85F840F6267011CE00DD6A8A /* Assets.xcassets in Resources */,
				85F8411D2670123100DD6A8A /* Readme.txt in Resources */,
			);
			runOnlyForDeploymentPostprocessing = 0;
		};
		85F840FD267011CE00DD6A8A /* Resources */ = {
			isa = PBXResourcesBuildPhase;
			buildActionMask = 2147483647;
			files = (
			);
			runOnlyForDeploymentPostprocessing = 0;
		};
		85F84108267011CE00DD6A8A /* Resources */ = {
			isa = PBXResourcesBuildPhase;
			buildActionMask = 2147483647;
			files = (
			);
			runOnlyForDeploymentPostprocessing = 0;
		};
/* End PBXResourcesBuildPhase section */

/* Begin PBXShellScriptBuildPhase section */
		6B2B93BE4763934ABE9567AE /* [CP] Embed Pods Frameworks */ = {
			isa = PBXShellScriptBuildPhase;
			buildActionMask = 2147483647;
			files = (
			);
			inputFileListPaths = (
				"${PODS_ROOT}/Target Support Files/Pods-ENDClothing-ENDClothingUITests/Pods-ENDClothing-ENDClothingUITests-frameworks-${CONFIGURATION}-input-files.xcfilelist",
			);
			name = "[CP] Embed Pods Frameworks";
			outputFileListPaths = (
				"${PODS_ROOT}/Target Support Files/Pods-ENDClothing-ENDClothingUITests/Pods-ENDClothing-ENDClothingUITests-frameworks-${CONFIGURATION}-output-files.xcfilelist",
			);
			runOnlyForDeploymentPostprocessing = 0;
			shellPath = /bin/sh;
			shellScript = "\"${PODS_ROOT}/Target Support Files/Pods-ENDClothing-ENDClothingUITests/Pods-ENDClothing-ENDClothingUITests-frameworks.sh\"\n";
			showEnvVarsInLog = 0;
		};
		8DB1ECA5EF0D3A922B040C42 /* [CP] Check Pods Manifest.lock */ = {
			isa = PBXShellScriptBuildPhase;
			buildActionMask = 2147483647;
			files = (
			);
			inputFileListPaths = (
			);
			inputPaths = (
				"${PODS_PODFILE_DIR_PATH}/Podfile.lock",
				"${PODS_ROOT}/Manifest.lock",
			);
			name = "[CP] Check Pods Manifest.lock";
			outputFileListPaths = (
			);
			outputPaths = (
				"$(DERIVED_FILE_DIR)/Pods-ENDClothing-ENDClothingUITests-checkManifestLockResult.txt",
			);
			runOnlyForDeploymentPostprocessing = 0;
			shellPath = /bin/sh;
			shellScript = "diff \"${PODS_PODFILE_DIR_PATH}/Podfile.lock\" \"${PODS_ROOT}/Manifest.lock\" > /dev/null\nif [ $? != 0 ] ; then\n    # print error to STDERR\n    echo \"error: The sandbox is not in sync with the Podfile.lock. Run 'pod install' or update your CocoaPods installation.\" >&2\n    exit 1\nfi\n# This output is used by Xcode 'outputs' to avoid re-running this script phase.\necho \"SUCCESS\" > \"${SCRIPT_OUTPUT_FILE_0}\"\n";
			showEnvVarsInLog = 0;
		};
		941E460EA0D167012086B9C8 /* [CP] Check Pods Manifest.lock */ = {
			isa = PBXShellScriptBuildPhase;
			buildActionMask = 2147483647;
			files = (
			);
			inputFileListPaths = (
			);
			inputPaths = (
				"${PODS_PODFILE_DIR_PATH}/Podfile.lock",
				"${PODS_ROOT}/Manifest.lock",
			);
			name = "[CP] Check Pods Manifest.lock";
			outputFileListPaths = (
			);
			outputPaths = (
				"$(DERIVED_FILE_DIR)/Pods-ENDClothing-checkManifestLockResult.txt",
			);
			runOnlyForDeploymentPostprocessing = 0;
			shellPath = /bin/sh;
			shellScript = "diff \"${PODS_PODFILE_DIR_PATH}/Podfile.lock\" \"${PODS_ROOT}/Manifest.lock\" > /dev/null\nif [ $? != 0 ] ; then\n    # print error to STDERR\n    echo \"error: The sandbox is not in sync with the Podfile.lock. Run 'pod install' or update your CocoaPods installation.\" >&2\n    exit 1\nfi\n# This output is used by Xcode 'outputs' to avoid re-running this script phase.\necho \"SUCCESS\" > \"${SCRIPT_OUTPUT_FILE_0}\"\n";
			showEnvVarsInLog = 0;
		};
		948BEDDCB18F641646FDA4CA /* [CP] Embed Pods Frameworks */ = {
			isa = PBXShellScriptBuildPhase;
			buildActionMask = 2147483647;
			files = (
			);
			inputFileListPaths = (
				"${PODS_ROOT}/Target Support Files/Pods-ENDClothing/Pods-ENDClothing-frameworks-${CONFIGURATION}-input-files.xcfilelist",
			);
			name = "[CP] Embed Pods Frameworks";
			outputFileListPaths = (
				"${PODS_ROOT}/Target Support Files/Pods-ENDClothing/Pods-ENDClothing-frameworks-${CONFIGURATION}-output-files.xcfilelist",
			);
			runOnlyForDeploymentPostprocessing = 0;
			shellPath = /bin/sh;
			shellScript = "\"${PODS_ROOT}/Target Support Files/Pods-ENDClothing/Pods-ENDClothing-frameworks.sh\"\n";
			showEnvVarsInLog = 0;
		};
		9B1ED6C51AB1A4D1E469730D /* [CP] Check Pods Manifest.lock */ = {
			isa = PBXShellScriptBuildPhase;
			buildActionMask = 2147483647;
			files = (
			);
			inputFileListPaths = (
			);
			inputPaths = (
				"${PODS_PODFILE_DIR_PATH}/Podfile.lock",
				"${PODS_ROOT}/Manifest.lock",
			);
			name = "[CP] Check Pods Manifest.lock";
			outputFileListPaths = (
			);
			outputPaths = (
				"$(DERIVED_FILE_DIR)/Pods-ENDClothingTests-checkManifestLockResult.txt",
			);
			runOnlyForDeploymentPostprocessing = 0;
			shellPath = /bin/sh;
			shellScript = "diff \"${PODS_PODFILE_DIR_PATH}/Podfile.lock\" \"${PODS_ROOT}/Manifest.lock\" > /dev/null\nif [ $? != 0 ] ; then\n    # print error to STDERR\n    echo \"error: The sandbox is not in sync with the Podfile.lock. Run 'pod install' or update your CocoaPods installation.\" >&2\n    exit 1\nfi\n# This output is used by Xcode 'outputs' to avoid re-running this script phase.\necho \"SUCCESS\" > \"${SCRIPT_OUTPUT_FILE_0}\"\n";
			showEnvVarsInLog = 0;
		};
/* End PBXShellScriptBuildPhase section */

/* Begin PBXSourcesBuildPhase section */
		85F840E5267011CD00DD6A8A /* Sources */ = {
			isa = PBXSourcesBuildPhase;
			buildActionMask = 2147483647;
			files = (
				853674552674C6BE00B18BC2 /* CatalogViewModel.swift in Sources */,
				85F840F1267011CD00DD6A8A /* CatalogViewController.swift in Sources */,
				85F840ED267011CD00DD6A8A /* AppDelegate.swift in Sources */,
				85C312022672913500D12009 /* NetworkManager.swift in Sources */,
				85F8412526701CE000DD6A8A /* UIView+Helpers.swift in Sources */,
				853250A626780C12002424FB /* ProductViewModel.swift in Sources */,
				853250A02678086B002424FB /* MainCoordinator.swift in Sources */,
				853250A426780B45002424FB /* ProductViewController.swift in Sources */,
				853674632676939400B18BC2 /* Constants.swift in Sources */,
				85F840EF267011CD00DD6A8A /* SceneDelegate.swift in Sources */,
				8523B3F6267A9772000EED63 /* ProductViewCell.swift in Sources */,
				85367460267689D100B18BC2 /* CatalogViewCell.swift in Sources */,
				853674502674C5B800B18BC2 /* ProductRepository.swift in Sources */,
				853674532674C5DC00B18BC2 /* Product.swift in Sources */,
				8523B3FA267AA183000EED63 /* ProductDescriptionViewCell.swift in Sources */,
			);
			runOnlyForDeploymentPostprocessing = 0;
		};
		85F840FB267011CE00DD6A8A /* Sources */ = {
			isa = PBXSourcesBuildPhase;
			buildActionMask = 2147483647;
			files = (
				85F84104267011CE00DD6A8A /* CatalogViewModelTests.swift in Sources */,
			);
			runOnlyForDeploymentPostprocessing = 0;
		};
		85F84106267011CE00DD6A8A /* Sources */ = {
			isa = PBXSourcesBuildPhase;
			buildActionMask = 2147483647;
			files = (
				85F8410F267011CE00DD6A8A /* ENDClothingUITests.swift in Sources */,
			);
			runOnlyForDeploymentPostprocessing = 0;
		};
/* End PBXSourcesBuildPhase section */

/* Begin PBXTargetDependency section */
		85F84101267011CE00DD6A8A /* PBXTargetDependency */ = {
			isa = PBXTargetDependency;
			target = 85F840E8267011CD00DD6A8A /* ENDClothing */;
			targetProxy = 85F84100267011CE00DD6A8A /* PBXContainerItemProxy */;
		};
		85F8410C267011CE00DD6A8A /* PBXTargetDependency */ = {
			isa = PBXTargetDependency;
			target = 85F840E8267011CD00DD6A8A /* ENDClothing */;
			targetProxy = 85F8410B267011CE00DD6A8A /* PBXContainerItemProxy */;
		};
/* End PBXTargetDependency section */

/* Begin PBXVariantGroup section */
		85F840F7267011CE00DD6A8A /* LaunchScreen.storyboard */ = {
			isa = PBXVariantGroup;
			children = (
				85F840F8267011CE00DD6A8A /* Base */,
			);
			name = LaunchScreen.storyboard;
			sourceTree = "<group>";
		};
/* End PBXVariantGroup section */

/* Begin XCBuildConfiguration section */
		85F84111267011CE00DD6A8A /* Debug */ = {
			isa = XCBuildConfiguration;
			buildSettings = {
				ALWAYS_SEARCH_USER_PATHS = NO;
				CLANG_ANALYZER_NONNULL = YES;
				CLANG_ANALYZER_NUMBER_OBJECT_CONVERSION = YES_AGGRESSIVE;
				CLANG_CXX_LANGUAGE_STANDARD = "gnu++14";
				CLANG_CXX_LIBRARY = "libc++";
				CLANG_ENABLE_MODULES = YES;
				CLANG_ENABLE_OBJC_ARC = YES;
				CLANG_ENABLE_OBJC_WEAK = YES;
				CLANG_WARN_BLOCK_CAPTURE_AUTORELEASING = YES;
				CLANG_WARN_BOOL_CONVERSION = YES;
				CLANG_WARN_COMMA = YES;
				CLANG_WARN_CONSTANT_CONVERSION = YES;
				CLANG_WARN_DEPRECATED_OBJC_IMPLEMENTATIONS = YES;
				CLANG_WARN_DIRECT_OBJC_ISA_USAGE = YES_ERROR;
				CLANG_WARN_DOCUMENTATION_COMMENTS = YES;
				CLANG_WARN_EMPTY_BODY = YES;
				CLANG_WARN_ENUM_CONVERSION = YES;
				CLANG_WARN_INFINITE_RECURSION = YES;
				CLANG_WARN_INT_CONVERSION = YES;
				CLANG_WARN_NON_LITERAL_NULL_CONVERSION = YES;
				CLANG_WARN_OBJC_IMPLICIT_RETAIN_SELF = YES;
				CLANG_WARN_OBJC_LITERAL_CONVERSION = YES;
				CLANG_WARN_OBJC_ROOT_CLASS = YES_ERROR;
				CLANG_WARN_QUOTED_INCLUDE_IN_FRAMEWORK_HEADER = YES;
				CLANG_WARN_RANGE_LOOP_ANALYSIS = YES;
				CLANG_WARN_STRICT_PROTOTYPES = YES;
				CLANG_WARN_SUSPICIOUS_MOVE = YES;
				CLANG_WARN_UNGUARDED_AVAILABILITY = YES_AGGRESSIVE;
				CLANG_WARN_UNREACHABLE_CODE = YES;
				CLANG_WARN__DUPLICATE_METHOD_MATCH = YES;
				COPY_PHASE_STRIP = NO;
				DEBUG_INFORMATION_FORMAT = dwarf;
				ENABLE_STRICT_OBJC_MSGSEND = YES;
				ENABLE_TESTABILITY = YES;
				GCC_C_LANGUAGE_STANDARD = gnu11;
				GCC_DYNAMIC_NO_PIC = NO;
				GCC_NO_COMMON_BLOCKS = YES;
				GCC_OPTIMIZATION_LEVEL = 0;
				GCC_PREPROCESSOR_DEFINITIONS = (
					"DEBUG=1",
					"$(inherited)",
				);
				GCC_WARN_64_TO_32_BIT_CONVERSION = YES;
				GCC_WARN_ABOUT_RETURN_TYPE = YES_ERROR;
				GCC_WARN_UNDECLARED_SELECTOR = YES;
				GCC_WARN_UNINITIALIZED_AUTOS = YES_AGGRESSIVE;
				GCC_WARN_UNUSED_FUNCTION = YES;
				GCC_WARN_UNUSED_VARIABLE = YES;
				IPHONEOS_DEPLOYMENT_TARGET = 14.5;
				MTL_ENABLE_DEBUG_INFO = INCLUDE_SOURCE;
				MTL_FAST_MATH = YES;
				ONLY_ACTIVE_ARCH = YES;
				SDKROOT = iphoneos;
				SWIFT_ACTIVE_COMPILATION_CONDITIONS = DEBUG;
				SWIFT_OPTIMIZATION_LEVEL = "-Onone";
			};
			name = Debug;
		};
		85F84112267011CE00DD6A8A /* Release */ = {
			isa = XCBuildConfiguration;
			buildSettings = {
				ALWAYS_SEARCH_USER_PATHS = NO;
				CLANG_ANALYZER_NONNULL = YES;
				CLANG_ANALYZER_NUMBER_OBJECT_CONVERSION = YES_AGGRESSIVE;
				CLANG_CXX_LANGUAGE_STANDARD = "gnu++14";
				CLANG_CXX_LIBRARY = "libc++";
				CLANG_ENABLE_MODULES = YES;
				CLANG_ENABLE_OBJC_ARC = YES;
				CLANG_ENABLE_OBJC_WEAK = YES;
				CLANG_WARN_BLOCK_CAPTURE_AUTORELEASING = YES;
				CLANG_WARN_BOOL_CONVERSION = YES;
				CLANG_WARN_COMMA = YES;
				CLANG_WARN_CONSTANT_CONVERSION = YES;
				CLANG_WARN_DEPRECATED_OBJC_IMPLEMENTATIONS = YES;
				CLANG_WARN_DIRECT_OBJC_ISA_USAGE = YES_ERROR;
				CLANG_WARN_DOCUMENTATION_COMMENTS = YES;
				CLANG_WARN_EMPTY_BODY = YES;
				CLANG_WARN_ENUM_CONVERSION = YES;
				CLANG_WARN_INFINITE_RECURSION = YES;
				CLANG_WARN_INT_CONVERSION = YES;
				CLANG_WARN_NON_LITERAL_NULL_CONVERSION = YES;
				CLANG_WARN_OBJC_IMPLICIT_RETAIN_SELF = YES;
				CLANG_WARN_OBJC_LITERAL_CONVERSION = YES;
				CLANG_WARN_OBJC_ROOT_CLASS = YES_ERROR;
				CLANG_WARN_QUOTED_INCLUDE_IN_FRAMEWORK_HEADER = YES;
				CLANG_WARN_RANGE_LOOP_ANALYSIS = YES;
				CLANG_WARN_STRICT_PROTOTYPES = YES;
				CLANG_WARN_SUSPICIOUS_MOVE = YES;
				CLANG_WARN_UNGUARDED_AVAILABILITY = YES_AGGRESSIVE;
				CLANG_WARN_UNREACHABLE_CODE = YES;
				CLANG_WARN__DUPLICATE_METHOD_MATCH = YES;
				COPY_PHASE_STRIP = NO;
				DEBUG_INFORMATION_FORMAT = "dwarf-with-dsym";
				ENABLE_NS_ASSERTIONS = NO;
				ENABLE_STRICT_OBJC_MSGSEND = YES;
				GCC_C_LANGUAGE_STANDARD = gnu11;
				GCC_NO_COMMON_BLOCKS = YES;
				GCC_WARN_64_TO_32_BIT_CONVERSION = YES;
				GCC_WARN_ABOUT_RETURN_TYPE = YES_ERROR;
				GCC_WARN_UNDECLARED_SELECTOR = YES;
				GCC_WARN_UNINITIALIZED_AUTOS = YES_AGGRESSIVE;
				GCC_WARN_UNUSED_FUNCTION = YES;
				GCC_WARN_UNUSED_VARIABLE = YES;
				IPHONEOS_DEPLOYMENT_TARGET = 14.5;
				MTL_ENABLE_DEBUG_INFO = NO;
				MTL_FAST_MATH = YES;
				SDKROOT = iphoneos;
				SWIFT_COMPILATION_MODE = wholemodule;
				SWIFT_OPTIMIZATION_LEVEL = "-O";
				VALIDATE_PRODUCT = YES;
			};
			name = Release;
		};
		85F84114267011CE00DD6A8A /* Debug */ = {
			isa = XCBuildConfiguration;
			baseConfigurationReference = 19C30A5EFD2D0179C034A988 /* Pods-ENDClothing.debug.xcconfig */;
			buildSettings = {
				ASSETCATALOG_COMPILER_APPICON_NAME = AppIcon;
				ASSETCATALOG_COMPILER_GLOBAL_ACCENT_COLOR_NAME = AccentColor;
				CODE_SIGN_STYLE = Automatic;
				DEVELOPMENT_TEAM = UWWP6897T2;
				INFOPLIST_FILE = "ENDClothing/Main Files/Info.plist";
				LD_RUNPATH_SEARCH_PATHS = (
					"$(inherited)",
					"@executable_path/Frameworks",
				);
				PRODUCT_BUNDLE_IDENTIFIER = com.pablo.ENDClothing;
				PRODUCT_NAME = "$(TARGET_NAME)";
				SWIFT_VERSION = 5.0;
				TARGETED_DEVICE_FAMILY = "1,2";
			};
			name = Debug;
		};
		85F84115267011CE00DD6A8A /* Release */ = {
			isa = XCBuildConfiguration;
			baseConfigurationReference = B8BF49DF5837DB28A7D5F25C /* Pods-ENDClothing.release.xcconfig */;
			buildSettings = {
				ASSETCATALOG_COMPILER_APPICON_NAME = AppIcon;
				ASSETCATALOG_COMPILER_GLOBAL_ACCENT_COLOR_NAME = AccentColor;
				CODE_SIGN_STYLE = Automatic;
				DEVELOPMENT_TEAM = UWWP6897T2;
				INFOPLIST_FILE = "ENDClothing/Main Files/Info.plist";
				LD_RUNPATH_SEARCH_PATHS = (
					"$(inherited)",
					"@executable_path/Frameworks",
				);
				PRODUCT_BUNDLE_IDENTIFIER = com.pablo.ENDClothing;
				PRODUCT_NAME = "$(TARGET_NAME)";
				SWIFT_VERSION = 5.0;
				TARGETED_DEVICE_FAMILY = "1,2";
			};
			name = Release;
		};
		85F84117267011CE00DD6A8A /* Debug */ = {
			isa = XCBuildConfiguration;
			baseConfigurationReference = 9700B4E93C5A0AA749EA9AFA /* Pods-ENDClothingTests.debug.xcconfig */;
			buildSettings = {
				ALWAYS_EMBED_SWIFT_STANDARD_LIBRARIES = YES;
				BUNDLE_LOADER = "$(TEST_HOST)";
				CODE_SIGN_STYLE = Automatic;
				DEVELOPMENT_TEAM = UWWP6897T2;
				INFOPLIST_FILE = ENDClothingTests/Info.plist;
				IPHONEOS_DEPLOYMENT_TARGET = 14.5;
				LD_RUNPATH_SEARCH_PATHS = (
					"$(inherited)",
					"@executable_path/Frameworks",
					"@loader_path/Frameworks",
				);
				PRODUCT_BUNDLE_IDENTIFIER = com.pablo.ENDClothingTests;
				PRODUCT_NAME = "$(TARGET_NAME)";
				SWIFT_VERSION = 5.0;
				TARGETED_DEVICE_FAMILY = "1,2";
				TEST_HOST = "$(BUILT_PRODUCTS_DIR)/ENDClothing.app/ENDClothing";
			};
			name = Debug;
		};
		85F84118267011CE00DD6A8A /* Release */ = {
			isa = XCBuildConfiguration;
			baseConfigurationReference = 311B3E6A79D851E771B7BDD4 /* Pods-ENDClothingTests.release.xcconfig */;
			buildSettings = {
				ALWAYS_EMBED_SWIFT_STANDARD_LIBRARIES = YES;
				BUNDLE_LOADER = "$(TEST_HOST)";
				CODE_SIGN_STYLE = Automatic;
				DEVELOPMENT_TEAM = UWWP6897T2;
				INFOPLIST_FILE = ENDClothingTests/Info.plist;
				IPHONEOS_DEPLOYMENT_TARGET = 14.5;
				LD_RUNPATH_SEARCH_PATHS = (
					"$(inherited)",
					"@executable_path/Frameworks",
					"@loader_path/Frameworks",
				);
				PRODUCT_BUNDLE_IDENTIFIER = com.pablo.ENDClothingTests;
				PRODUCT_NAME = "$(TARGET_NAME)";
				SWIFT_VERSION = 5.0;
				TARGETED_DEVICE_FAMILY = "1,2";
				TEST_HOST = "$(BUILT_PRODUCTS_DIR)/ENDClothing.app/ENDClothing";
			};
			name = Release;
		};
		85F8411A267011CE00DD6A8A /* Debug */ = {
			isa = XCBuildConfiguration;
			baseConfigurationReference = B9D8A28D0E5034910477D8AF /* Pods-ENDClothing-ENDClothingUITests.debug.xcconfig */;
			buildSettings = {
				ALWAYS_EMBED_SWIFT_STANDARD_LIBRARIES = YES;
				CODE_SIGN_STYLE = Automatic;
				DEVELOPMENT_TEAM = UWWP6897T2;
				INFOPLIST_FILE = ENDClothingUITests/Info.plist;
				LD_RUNPATH_SEARCH_PATHS = (
					"$(inherited)",
					"@executable_path/Frameworks",
					"@loader_path/Frameworks",
				);
				PRODUCT_BUNDLE_IDENTIFIER = com.pablo.ENDClothingUITests;
				PRODUCT_NAME = "$(TARGET_NAME)";
				SWIFT_VERSION = 5.0;
				TARGETED_DEVICE_FAMILY = "1,2";
				TEST_TARGET_NAME = ENDClothing;
			};
			name = Debug;
		};
		85F8411B267011CE00DD6A8A /* Release */ = {
			isa = XCBuildConfiguration;
			baseConfigurationReference = 64DDC4F0A1E2ED2E8EA967C6 /* Pods-ENDClothing-ENDClothingUITests.release.xcconfig */;
			buildSettings = {
				ALWAYS_EMBED_SWIFT_STANDARD_LIBRARIES = YES;
				CODE_SIGN_STYLE = Automatic;
				DEVELOPMENT_TEAM = UWWP6897T2;
				INFOPLIST_FILE = ENDClothingUITests/Info.plist;
				LD_RUNPATH_SEARCH_PATHS = (
					"$(inherited)",
					"@executable_path/Frameworks",
					"@loader_path/Frameworks",
				);
				PRODUCT_BUNDLE_IDENTIFIER = com.pablo.ENDClothingUITests;
				PRODUCT_NAME = "$(TARGET_NAME)";
				SWIFT_VERSION = 5.0;
				TARGETED_DEVICE_FAMILY = "1,2";
				TEST_TARGET_NAME = ENDClothing;
			};
			name = Release;
		};
/* End XCBuildConfiguration section */

/* Begin XCConfigurationList section */
		85F840E4267011CD00DD6A8A /* Build configuration list for PBXProject "ENDClothing" */ = {
			isa = XCConfigurationList;
			buildConfigurations = (
				85F84111267011CE00DD6A8A /* Debug */,
				85F84112267011CE00DD6A8A /* Release */,
			);
			defaultConfigurationIsVisible = 0;
			defaultConfigurationName = Release;
		};
		85F84113267011CE00DD6A8A /* Build configuration list for PBXNativeTarget "ENDClothing" */ = {
			isa = XCConfigurationList;
			buildConfigurations = (
				85F84114267011CE00DD6A8A /* Debug */,
				85F84115267011CE00DD6A8A /* Release */,
			);
			defaultConfigurationIsVisible = 0;
			defaultConfigurationName = Release;
		};
		85F84116267011CE00DD6A8A /* Build configuration list for PBXNativeTarget "ENDClothingTests" */ = {
			isa = XCConfigurationList;
			buildConfigurations = (
				85F84117267011CE00DD6A8A /* Debug */,
				85F84118267011CE00DD6A8A /* Release */,
			);
			defaultConfigurationIsVisible = 0;
			defaultConfigurationName = Release;
		};
		85F84119267011CE00DD6A8A /* Build configuration list for PBXNativeTarget "ENDClothingUITests" */ = {
			isa = XCConfigurationList;
			buildConfigurations = (
				85F8411A267011CE00DD6A8A /* Debug */,
				85F8411B267011CE00DD6A8A /* Release */,
			);
			defaultConfigurationIsVisible = 0;
			defaultConfigurationName = Release;
		};
/* End XCConfigurationList section */
	};
	rootObject = 85F840E1267011CD00DD6A8A /* Project object */;
}
